
Microsoft Visual Studio Solution File, Format Version 12.00
# Visual Studio Version 17
VisualStudioVersion = 17.6.33513.286
MinimumVisualStudioVersion = 10.0.40219.1
Project("{FAE04EC0-301F-11D3-BF4B-00C04F79EFBC}") = "YTGsr", "YTGsr\YTGsr.csproj", "{37D010E8-2362-4A00-A9DA-53C18B502D81}"
EndProject
Global
	GlobalSection(SolutionConfigurationPlatforms) = preSolution
		Debug|Any CPU = Debug|Any CPU
		Release|Any CPU = Release|Any CPU
	EndGlobalSection
	GlobalSection(ProjectConfigurationPlatforms) = postSolution
		{37D010E8-2362-4A00-A9DA-53C18B502D81}.Debug|Any CPU.ActiveCfg = Debug|Any CPU
		{37D010E8-2362-4A00-A9DA-53C18B502D81}.Debug|Any CPU.Build.0 = Debug|Any CPU
		{37D010E8-2362-4A00-A9DA-53C18B502D81}.Release|Any CPU.ActiveCfg = Release|Any CPU
		{37D010E8-2362-4A00-A9DA-53C18B502D81}.Release|Any CPU.Build.0 = Release|Any CPU
	EndGlobalSection
	GlobalSection(SolutionProperties) = preSolution
		HideSolutionNode = FALSE
	EndGlobalSection
	GlobalSection(ExtensibilityGlobals) = postSolution
		SolutionGuid = {6B5C265C-4E2B-4065-95FD-DD9669D7C916}
	EndGlobalSection
EndGlobal
